
Microsoft Visual Studio Solution File, Format Version 12.00
Project("{FAE04EC0-301F-11D3-BF4B-00C04F79EFBC}") = "FinanceTracker", "FinanceTracker\FinanceTracker.csproj", "{8D0F9C49-83D5-4B3B-A33E-D49C45E974DA}"
EndProject
Global
	GlobalSection(SolutionConfigurationPlatforms) = preSolution
		Debug|Any CPU = Debug|Any CPU
		Release|Any CPU = Release|Any CPU
	EndGlobalSection
	GlobalSection(ProjectConfigurationPlatforms) = postSolution
		{8D0F9C49-83D5-4B3B-A33E-D49C45E974DA}.Debug|Any CPU.ActiveCfg = Debug|Any CPU
		{8D0F9C49-83D5-4B3B-A33E-D49C45E974DA}.Debug|Any CPU.Build.0 = Debug|Any CPU
		{8D0F9C49-83D5-4B3B-A33E-D49C45E974DA}.Release|Any CPU.ActiveCfg = Release|Any CPU
		{8D0F9C49-83D5-4B3B-A33E-D49C45E974DA}.Release|Any CPU.Build.0 = Release|Any CPU
	EndGlobalSection
EndGlobal
